// !$*UTF8*$!
{
	archiveVersion = 1;
	classes = {
	};
	objectVersion = 55;
	objects = {

/* Begin PBXBuildFile section */
		FD43CDF027A629EE0070F0DE /* I_am_RichApp.swift in Sources */ = {isa = PBXBuildFile; fileRef = FD43CDEF27A629EE0070F0DE /* I_am_RichApp.swift */; };
		FD43CDF227A629EE0070F0DE /* ContentView.swift in Sources */ = {isa = PBXBuildFile; fileRef = FD43CDF127A629EE0070F0DE /* ContentView.swift */; };
		FD43CDF427A629F10070F0DE /* Assets.xcassets in Resources */ = {isa = PBXBuildFile; fileRef = FD43CDF327A629F10070F0DE /* Assets.xcassets */; };
		FD43CDF727A629F10070F0DE /* Preview Assets.xcassets in Resources */ = {isa = PBXBuildFile; fileRef = FD43CDF627A629F10070F0DE /* Preview Assets.xcassets */; };
		FD43CE0127A629F10070F0DE /* I_am_RichTests.swift in Sources */ = {isa = PBXBuildFile; fileRef = FD43CE0027A629F10070F0DE /* I_am_RichTests.swift */; };
		FD43CE0B27A629F10070F0DE /* I_am_RichUITests.swift in Sources */ = {isa = PBXBuildFile; fileRef = FD43CE0A27A629F10070F0DE /* I_am_RichUITests.swift */; };
		FD43CE0D27A629F10070F0DE /* I_am_RichUITestsLaunchTests.swift in Sources */ = {isa = PBXBuildFile; fileRef = FD43CE0C27A629F10070F0DE /* I_am_RichUITestsLaunchTests.swift */; };
		FD55C0B327A63DDC004537AA /* Neonderthaw-Regular.ttf in Resources */ = {isa = PBXBuildFile; fileRef = FD55C0B227A63DDC004537AA /* Neonderthaw-Regular.ttf */; };
		FD55C0B627A654C2004537AA /* Pacifico-Regular.ttf in Resources */ = {isa = PBXBuildFile; fileRef = FD55C0B527A654C1004537AA /* Pacifico-Regular.ttf */; };
		FD55C0B827A65772004537AA /* InfoView.swift in Sources */ = {isa = PBXBuildFile; fileRef = FD55C0B727A65772004537AA /* InfoView.swift */; };
/* End PBXBuildFile section */

/* Begin PBXContainerItemProxy section */
		FD43CDFD27A629F10070F0DE /* PBXContainerItemProxy */ = {
			isa = PBXContainerItemProxy;
			containerPortal = FD43CDE427A629ED0070F0DE /* Project object */;
			proxyType = 1;
			remoteGlobalIDString = FD43CDEB27A629ED0070F0DE;
			remoteInfo = "I am Rich";
		};
		FD43CE0727A629F10070F0DE /* PBXContainerItemProxy */ = {
			isa = PBXContainerItemProxy;
			containerPortal = FD43CDE427A629ED0070F0DE /* Project object */;
			proxyType = 1;
			remoteGlobalIDString = FD43CDEB27A629ED0070F0DE;
			remoteInfo = "I am Rich";
		};
/* End PBXContainerItemProxy section */

/* Begin PBXFileReference section */
		FD43CDEC27A629EE0070F0DE /* I am Rich.app */ = {isa = PBXFileReference; explicitFileType = wrapper.application; includeInIndex = 0; path = "I am Rich.app"; sourceTree = BUILT_PRODUCTS_DIR; };
		FD43CDEF27A629EE0070F0DE /* I_am_RichApp.swift */ = {isa = PBXFileReference; lastKnownFileType = sourcecode.swift; path = I_am_RichApp.swift; sourceTree = "<group>"; };
		FD43CDF127A629EE0070F0DE /* ContentView.swift */ = {isa = PBXFileReference; lastKnownFileType = sourcecode.swift; path = ContentView.swift; sourceTree = "<group>"; };
		FD43CDF327A629F10070F0DE /* Assets.xcassets */ = {isa = PBXFileReference; lastKnownFileType = folder.assetcatalog; path = Assets.xcassets; sourceTree = "<group>"; };
		FD43CDF627A629F10070F0DE /* Preview Assets.xcassets */ = {isa = PBXFileReference; lastKnownFileType = folder.assetcatalog; path = "Preview Assets.xcassets"; sourceTree = "<group>"; };
		FD43CDFC27A629F10070F0DE /* I am RichTests.xctest */ = {isa = PBXFileReference; explicitFileType = wrapper.cfbundle; includeInIndex = 0; path = "I am RichTests.xctest"; sourceTree = BUILT_PRODUCTS_DIR; };
		FD43CE0027A629F10070F0DE /* I_am_RichTests.swift */ = {isa = PBXFileReference; lastKnownFileType = sourcecode.swift; path = I_am_RichTests.swift; sourceTree = "<group>"; };
		FD43CE0627A629F10070F0DE /* I am RichUITests.xctest */ = {isa = PBXFileReference; explicitFileType = wrapper.cfbundle; includeInIndex = 0; path = "I am RichUITests.xctest"; sourceTree = BUILT_PRODUCTS_DIR; };
		FD43CE0A27A629F10070F0DE /* I_am_RichUITests.swift */ = {isa = PBXFileReference; lastKnownFileType = sourcecode.swift; path = I_am_RichUITests.swift; sourceTree = "<group>"; };
		FD43CE0C27A629F10070F0DE /* I_am_RichUITestsLaunchTests.swift */ = {isa = PBXFileReference; lastKnownFileType = sourcecode.swift; path = I_am_RichUITestsLaunchTests.swift; sourceTree = "<group>"; };
		FD55C0B227A63DDC004537AA /* Neonderthaw-Regular.ttf */ = {isa = PBXFileReference; lastKnownFileType = file; path = "Neonderthaw-Regular.ttf"; sourceTree = "<group>"; };
		FD55C0B427A63F85004537AA /* I-am-Rich-Info.plist */ = {isa = PBXFileReference; lastKnownFileType = text.plist; path = "I-am-Rich-Info.plist"; sourceTree = SOURCE_ROOT; };
		FD55C0B527A654C1004537AA /* Pacifico-Regular.ttf */ = {isa = PBXFileReference; lastKnownFileType = file; path = "Pacifico-Regular.ttf"; sourceTree = "<group>"; };
		FD55C0B727A65772004537AA /* InfoView.swift */ = {isa = PBXFileReference; lastKnownFileType = sourcecode.swift; path = InfoView.swift; sourceTree = "<group>"; };
/* End PBXFileReference section */

/* Begin PBXFrameworksBuildPhase section */
		FD43CDE927A629ED0070F0DE /* Frameworks */ = {
			isa = PBXFrameworksBuildPhase;
			buildActionMask = 2147483647;
			files = (
			);
			runOnlyForDeploymentPostprocessing = 0;
		};
		FD43CDF927A629F10070F0DE /* Frameworks */ = {
			isa = PBXFrameworksBuildPhase;
			buildActionMask = 2147483647;
			files = (
			);
			runOnlyForDeploymentPostprocessing = 0;
		};
		FD43CE0327A629F10070F0DE /* Frameworks */ = {
			isa = PBXFrameworksBuildPhase;
			buildActionMask = 2147483647;
			files = (
			);
			runOnlyForDeploymentPostprocessing = 0;
		};
/* End PBXFrameworksBuildPhase section */

/* Begin PBXGroup section */
		FD43CDE327A629ED0070F0DE = {
			isa = PBXGroup;
			children = (
				FD43CDEE27A629EE0070F0DE /* I am Rich */,
				FD43CDFF27A629F10070F0DE /* I am RichTests */,
				FD43CE0927A629F10070F0DE /* I am RichUITests */,
				FD43CDED27A629EE0070F0DE /* Products */,
			);
			sourceTree = "<group>";
		};
		FD43CDED27A629EE0070F0DE /* Products */ = {
			isa = PBXGroup;
			children = (
				FD43CDEC27A629EE0070F0DE /* I am Rich.app */,
				FD43CDFC27A629F10070F0DE /* I am RichTests.xctest */,
				FD43CE0627A629F10070F0DE /* I am RichUITests.xctest */,
			);
			name = Products;
			sourceTree = "<group>";
		};
		FD43CDEE27A629EE0070F0DE /* I am Rich */ = {
			isa = PBXGroup;
			children = (
				FD55C0B427A63F85004537AA /* I-am-Rich-Info.plist */,
				FD55C0B127A63DCA004537AA /* Fonts */,
				FD43CDEF27A629EE0070F0DE /* I_am_RichApp.swift */,
				FD43CDF127A629EE0070F0DE /* ContentView.swift */,
				FD43CDF327A629F10070F0DE /* Assets.xcassets */,
				FD43CDF527A629F10070F0DE /* Preview Content */,
				FD55C0B727A65772004537AA /* InfoView.swift */,
			);
			path = "I am Rich";
			sourceTree = "<group>";
		};
		FD43CDF527A629F10070F0DE /* Preview Content */ = {
			isa = PBXGroup;
			children = (
				FD43CDF627A629F10070F0DE /* Preview Assets.xcassets */,
			);
			path = "Preview Content";
			sourceTree = "<group>";
		};
		FD43CDFF27A629F10070F0DE /* I am RichTests */ = {
			isa = PBXGroup;
			children = (
				FD43CE0027A629F10070F0DE /* I_am_RichTests.swift */,
			);
			path = "I am RichTests";
			sourceTree = "<group>";
		};
		FD43CE0927A629F10070F0DE /* I am RichUITests */ = {
			isa = PBXGroup;
			children = (
				FD43CE0A27A629F10070F0DE /* I_am_RichUITests.swift */,
				FD43CE0C27A629F10070F0DE /* I_am_RichUITestsLaunchTests.swift */,
			);
			path = "I am RichUITests";
			sourceTree = "<group>";
		};
		FD55C0B127A63DCA004537AA /* Fonts */ = {
			isa = PBXGroup;
			children = (
				FD55C0B527A654C1004537AA /* Pacifico-Regular.ttf */,
				FD55C0B227A63DDC004537AA /* Neonderthaw-Regular.ttf */,
			);
			path = Fonts;
			sourceTree = "<group>";
		};
/* End PBXGroup section */

/* Begin PBXNativeTarget section */
		FD43CDEB27A629ED0070F0DE /* I am Rich */ = {
			isa = PBXNativeTarget;
			buildConfigurationList = FD43CE1027A629F10070F0DE /* Build configuration list for PBXNativeTarget "I am Rich" */;
			buildPhases = (
				FD43CDE827A629ED0070F0DE /* Sources */,
				FD43CDE927A629ED0070F0DE /* Frameworks */,
				FD43CDEA27A629ED0070F0DE /* Resources */,
			);
			buildRules = (
			);
			dependencies = (
			);
			name = "I am Rich";
			productName = "I am Rich";
			productReference = FD43CDEC27A629EE0070F0DE /* I am Rich.app */;
			productType = "com.apple.product-type.application";
		};
		FD43CDFB27A629F10070F0DE /* I am RichTests */ = {
			isa = PBXNativeTarget;
			buildConfigurationList = FD43CE1327A629F10070F0DE /* Build configuration list for PBXNativeTarget "I am RichTests" */;
			buildPhases = (
				FD43CDF827A629F10070F0DE /* Sources */,
				FD43CDF927A629F10070F0DE /* Frameworks */,
				FD43CDFA27A629F10070F0DE /* Resources */,
			);
			buildRules = (
			);
			dependencies = (
				FD43CDFE27A629F10070F0DE /* PBXTargetDependency */,
			);
			name = "I am RichTests";
			productName = "I am RichTests";
			productReference = FD43CDFC27A629F10070F0DE /* I am RichTests.xctest */;
			productType = "com.apple.product-type.bundle.unit-test";
		};
		FD43CE0527A629F10070F0DE /* I am RichUITests */ = {
			isa = PBXNativeTarget;
			buildConfigurationList = FD43CE1627A629F10070F0DE /* Build configuration list for PBXNativeTarget "I am RichUITests" */;
			buildPhases = (
				FD43CE0227A629F10070F0DE /* Sources */,
				FD43CE0327A629F10070F0DE /* Frameworks */,
				FD43CE0427A629F10070F0DE /* Resources */,
			);
			buildRules = (
			);
			dependencies = (
				FD43CE0827A629F10070F0DE /* PBXTargetDependency */,
			);
			name = "I am RichUITests";
			productName = "I am RichUITests";
			productReference = FD43CE0627A629F10070F0DE /* I am RichUITests.xctest */;
			productType = "com.apple.product-type.bundle.ui-testing";
		};
/* End PBXNativeTarget section */

/* Begin PBXProject section */
		FD43CDE427A629ED0070F0DE /* Project object */ = {
			isa = PBXProject;
			attributes = {
				BuildIndependentTargetsInParallel = 1;
				LastSwiftUpdateCheck = 1310;
				LastUpgradeCheck = 1310;
				TargetAttributes = {
					FD43CDEB27A629ED0070F0DE = {
						CreatedOnToolsVersion = 13.1;
					};
					FD43CDFB27A629F10070F0DE = {
						CreatedOnToolsVersion = 13.1;
						TestTargetID = FD43CDEB27A629ED0070F0DE;
					};
					FD43CE0527A629F10070F0DE = {
						CreatedOnToolsVersion = 13.1;
						TestTargetID = FD43CDEB27A629ED0070F0DE;
					};
				};
			};
			buildConfigurationList = FD43CDE727A629ED0070F0DE /* Build configuration list for PBXProject "I am Rich" */;
			compatibilityVersion = "Xcode 13.0";
			developmentRegion = en;
			hasScannedForEncodings = 0;
			knownRegions = (
				en,
				Base,
			);
			mainGroup = FD43CDE327A629ED0070F0DE;
			productRefGroup = FD43CDED27A629EE0070F0DE /* Products */;
			projectDirPath = "";
			projectRoot = "";
			targets = (
				FD43CDEB27A629ED0070F0DE /* I am Rich */,
				FD43CDFB27A629F10070F0DE /* I am RichTests */,
				FD43CE0527A629F10070F0DE /* I am RichUITests */,
			);
		};
/* End PBXProject section */

/* Begin PBXResourcesBuildPhase section */
		FD43CDEA27A629ED0070F0DE /* Resources */ = {
			isa = PBXResourcesBuildPhase;
			buildActionMask = 2147483647;
			files = (
				FD43CDF727A629F10070F0DE /* Preview Assets.xcassets in Resources */,
				FD55C0B627A654C2004537AA /* Pacifico-Regular.ttf in Resources */,
				FD43CDF427A629F10070F0DE /* Assets.xcassets in Resources */,
				FD55C0B327A63DDC004537AA /* Neonderthaw-Regular.ttf in Resources */,
			);
			runOnlyForDeploymentPostprocessing = 0;
		};
		FD43CDFA27A629F10070F0DE /* Resources */ = {
			isa = PBXResourcesBuildPhase;
			buildActionMask = 2147483647;
			files = (
			);
			runOnlyForDeploymentPostprocessing = 0;
		};
		FD43CE0427A629F10070F0DE /* Resources */ = {
			isa = PBXResourcesBuildPhase;
			buildActionMask = 2147483647;
			files = (
			);
			runOnlyForDeploymentPostprocessing = 0;
		};
/* End PBXResourcesBuildPhase section */

/* Begin PBXSourcesBuildPhase section */
		FD43CDE827A629ED0070F0DE /* Sources */ = {
			isa = PBXSourcesBuildPhase;
			buildActionMask = 2147483647;
			files = (
				FD43CDF227A629EE0070F0DE /* ContentView.swift in Sources */,
				FD55C0B827A65772004537AA /* InfoView.swift in Sources */,
				FD43CDF027A629EE0070F0DE /* I_am_RichApp.swift in Sources */,
			);
			runOnlyForDeploymentPostprocessing = 0;
		};
		FD43CDF827A629F10070F0DE /* Sources */ = {
			isa = PBXSourcesBuildPhase;
			buildActionMask = 2147483647;
			files = (
				FD43CE0127A629F10070F0DE /* I_am_RichTests.swift in Sources */,
			);
			runOnlyForDeploymentPostprocessing = 0;
		};
		FD43CE0227A629F10070F0DE /* Sources */ = {
			isa = PBXSourcesBuildPhase;
			buildActionMask = 2147483647;
			files = (
				FD43CE0D27A629F10070F0DE /* I_am_RichUITestsLaunchTests.swift in Sources */,
				FD43CE0B27A629F10070F0DE /* I_am_RichUITests.swift in Sources */,
			);
			runOnlyForDeploymentPostprocessing = 0;
		};
/* End PBXSourcesBuildPhase section */

/* Begin PBXTargetDependency section */
		FD43CDFE27A629F10070F0DE /* PBXTargetDependency */ = {
			isa = PBXTargetDependency;
			target = FD43CDEB27A629ED0070F0DE /* I am Rich */;
			targetProxy = FD43CDFD27A629F10070F0DE /* PBXContainerItemProxy */;
		};
		FD43CE0827A629F10070F0DE /* PBXTargetDependency */ = {
			isa = PBXTargetDependency;
			target = FD43CDEB27A629ED0070F0DE /* I am Rich */;
			targetProxy = FD43CE0727A629F10070F0DE /* PBXContainerItemProxy */;
		};
/* End PBXTargetDependency section */

/* Begin XCBuildConfiguration section */
		FD43CE0E27A629F10070F0DE /* Debug */ = {
			isa = XCBuildConfiguration;
			buildSettings = {
				ALWAYS_SEARCH_USER_PATHS = NO;
				CLANG_ANALYZER_NONNULL = YES;
				CLANG_ANALYZER_NUMBER_OBJECT_CONVERSION = YES_AGGRESSIVE;
				CLANG_CXX_LANGUAGE_STANDARD = "gnu++17";
				CLANG_CXX_LIBRARY = "libc++";
				CLANG_ENABLE_MODULES = YES;
				CLANG_ENABLE_OBJC_ARC = YES;
				CLANG_ENABLE_OBJC_WEAK = YES;
				CLANG_WARN_BLOCK_CAPTURE_AUTORELEASING = YES;
				CLANG_WARN_BOOL_CONVERSION = YES;
				CLANG_WARN_COMMA = YES;
				CLANG_WARN_CONSTANT_CONVERSION = YES;
				CLANG_WARN_DEPRECATED_OBJC_IMPLEMENTATIONS = YES;
				CLANG_WARN_DIRECT_OBJC_ISA_USAGE = YES_ERROR;
				CLANG_WARN_DOCUMENTATION_COMMENTS = YES;
				CLANG_WARN_EMPTY_BODY = YES;
				CLANG_WARN_ENUM_CONVERSION = YES;
				CLANG_WARN_INFINITE_RECURSION = YES;
				CLANG_WARN_INT_CONVERSION = YES;
				CLANG_WARN_NON_LITERAL_NULL_CONVERSION = YES;
				CLANG_WARN_OBJC_IMPLICIT_RETAIN_SELF = YES;
				CLANG_WARN_OBJC_LITERAL_CONVERSION = YES;
				CLANG_WARN_OBJC_ROOT_CLASS = YES_ERROR;
				CLANG_WARN_QUOTED_INCLUDE_IN_FRAMEWORK_HEADER = YES;
				CLANG_WARN_RANGE_LOOP_ANALYSIS = YES;
				CLANG_WARN_STRICT_PROTOTYPES = YES;
				CLANG_WARN_SUSPICIOUS_MOVE = YES;
				CLANG_WARN_UNGUARDED_AVAILABILITY = YES_AGGRESSIVE;
				CLANG_WARN_UNREACHABLE_CODE = YES;
				CLANG_WARN__DUPLICATE_METHOD_MATCH = YES;
				COPY_PHASE_STRIP = NO;
				DEBUG_INFORMATION_FORMAT = dwarf;
				ENABLE_STRICT_OBJC_MSGSEND = YES;
				ENABLE_TESTABILITY = YES;
				GCC_C_LANGUAGE_STANDARD = gnu11;
				GCC_DYNAMIC_NO_PIC = NO;
				GCC_NO_COMMON_BLOCKS = YES;
				GCC_OPTIMIZATION_LEVEL = 0;
				GCC_PREPROCESSOR_DEFINITIONS = (
					"DEBUG=1",
					"$(inherited)",
				);
				GCC_WARN_64_TO_32_BIT_CONVERSION = YES;
				GCC_WARN_ABOUT_RETURN_TYPE = YES_ERROR;
				GCC_WARN_UNDECLARED_SELECTOR = YES;
				GCC_WARN_UNINITIALIZED_AUTOS = YES_AGGRESSIVE;
				GCC_WARN_UNUSED_FUNCTION = YES;
				GCC_WARN_UNUSED_VARIABLE = YES;
				IPHONEOS_DEPLOYMENT_TARGET = 15.0;
				MTL_ENABLE_DEBUG_INFO = INCLUDE_SOURCE;
				MTL_FAST_MATH = YES;
				ONLY_ACTIVE_ARCH = YES;
				SDKROOT = iphoneos;
				SWIFT_ACTIVE_COMPILATION_CONDITIONS = DEBUG;
				SWIFT_OPTIMIZATION_LEVEL = "-Onone";
			};
			name = Debug;
		};
		FD43CE0F27A629F10070F0DE /* Release */ = {
			isa = XCBuildConfiguration;
			buildSettings = {
				ALWAYS_SEARCH_USER_PATHS = NO;
				CLANG_ANALYZER_NONNULL = YES;
				CLANG_ANALYZER_NUMBER_OBJECT_CONVERSION = YES_AGGRESSIVE;
				CLANG_CXX_LANGUAGE_STANDARD = "gnu++17";
				CLANG_CXX_LIBRARY = "libc++";
				CLANG_ENABLE_MODULES = YES;
				CLANG_ENABLE_OBJC_ARC = YES;
				CLANG_ENABLE_OBJC_WEAK = YES;
				CLANG_WARN_BLOCK_CAPTURE_AUTORELEASING = YES;
				CLANG_WARN_BOOL_CONVERSION = YES;
				CLANG_WARN_COMMA = YES;
				CLANG_WARN_CONSTANT_CONVERSION = YES;
				CLANG_WARN_DEPRECATED_OBJC_IMPLEMENTATIONS = YES;
				CLANG_WARN_DIRECT_OBJC_ISA_USAGE = YES_ERROR;
				CLANG_WARN_DOCUMENTATION_COMMENTS = YES;
				CLANG_WARN_EMPTY_BODY = YES;
				CLANG_WARN_ENUM_CONVERSION = YES;
				CLANG_WARN_INFINITE_RECURSION = YES;
				CLANG_WARN_INT_CONVERSION = YES;
				CLANG_WARN_NON_LITERAL_NULL_CONVERSION = YES;
				CLANG_WARN_OBJC_IMPLICIT_RETAIN_SELF = YES;
				CLANG_WARN_OBJC_LITERAL_CONVERSION = YES;
				CLANG_WARN_OBJC_ROOT_CLASS = YES_ERROR;
				CLANG_WARN_QUOTED_INCLUDE_IN_FRAMEWORK_HEADER = YES;
				CLANG_WARN_RANGE_LOOP_ANALYSIS = YES;
				CLANG_WARN_STRICT_PROTOTYPES = YES;
				CLANG_WARN_SUSPICIOUS_MOVE = YES;
				CLANG_WARN_UNGUARDED_AVAILABILITY = YES_AGGRESSIVE;
				CLANG_WARN_UNREACHABLE_CODE = YES;
				CLANG_WARN__DUPLICATE_METHOD_MATCH = YES;
				COPY_PHASE_STRIP = NO;
				DEBUG_INFORMATION_FORMAT = "dwarf-with-dsym";
				ENABLE_NS_ASSERTIONS = NO;
				ENABLE_STRICT_OBJC_MSGSEND = YES;
				GCC_C_LANGUAGE_STANDARD = gnu11;
				GCC_NO_COMMON_BLOCKS = YES;
				GCC_WARN_64_TO_32_BIT_CONVERSION = YES;
				GCC_WARN_ABOUT_RETURN_TYPE = YES_ERROR;
				GCC_WARN_UNDECLARED_SELECTOR = YES;
				GCC_WARN_UNINITIALIZED_AUTOS = YES_AGGRESSIVE;
				GCC_WARN_UNUSED_FUNCTION = YES;
				GCC_WARN_UNUSED_VARIABLE = YES;
				IPHONEOS_DEPLOYMENT_TARGET = 15.0;
				MTL_ENABLE_DEBUG_INFO = NO;
				MTL_FAST_MATH = YES;
				SDKROOT = iphoneos;
				SWIFT_COMPILATION_MODE = wholemodule;
				SWIFT_OPTIMIZATION_LEVEL = "-O";
				VALIDATE_PRODUCT = YES;
			};
			name = Release;
		};
		FD43CE1127A629F10070F0DE /* Debug */ = {
			isa = XCBuildConfiguration;
			buildSettings = {
				ASSETCATALOG_COMPILER_APPICON_NAME = AppIcon;
				ASSETCATALOG_COMPILER_GLOBAL_ACCENT_COLOR_NAME = AccentColor;
				CODE_SIGN_STYLE = Automatic;
				CURRENT_PROJECT_VERSION = 1;
				DEVELOPMENT_ASSET_PATHS = "\"I am Rich/Preview Content\"";
				DEVELOPMENT_TEAM = S3ZNGP43TF;
				ENABLE_PREVIEWS = YES;
				GENERATE_INFOPLIST_FILE = YES;
				INFOPLIST_FILE = "I-am-Rich-Info.plist";
				INFOPLIST_KEY_UIApplicationSceneManifest_Generation = YES;
				INFOPLIST_KEY_UIApplicationSupportsIndirectInputEvents = YES;
				INFOPLIST_KEY_UILaunchScreen_Generation = YES;
				INFOPLIST_KEY_UISupportedInterfaceOrientations_iPad = "UIInterfaceOrientationPortrait UIInterfaceOrientationPortraitUpsideDown UIInterfaceOrientationLandscapeLeft UIInterfaceOrientationLandscapeRight";
				INFOPLIST_KEY_UISupportedInterfaceOrientations_iPhone = "UIInterfaceOrientationPortrait UIInterfaceOrientationLandscapeLeft UIInterfaceOrientationLandscapeRight";
				LD_RUNPATH_SEARCH_PATHS = (
					"$(inherited)",
					"@executable_path/Frameworks",
				);
				MARKETING_VERSION = 1.0;
				PRODUCT_BUNDLE_IDENTIFIER = "kokikudo.practice.app.I-am-Rich";
				PRODUCT_NAME = "$(TARGET_NAME)";
				SWIFT_EMIT_LOC_STRINGS = YES;
				SWIFT_VERSION = 5.0;
				TARGETED_DEVICE_FAMILY = "1,2";
			};
			name = Debug;
		};
		FD43CE1227A629F10070F0DE /* Release */ = {
			isa = XCBuildConfiguration;
			buildSettings = {
				ASSETCATALOG_COMPILER_APPICON_NAME = AppIcon;
				ASSETCATALOG_COMPILER_GLOBAL_ACCENT_COLOR_NAME = AccentColor;
				CODE_SIGN_STYLE = Automatic;
				CURRENT_PROJECT_VERSION = 1;
				DEVELOPMENT_ASSET_PATHS = "\"I am Rich/Preview Content\"";
				DEVELOPMENT_TEAM = S3ZNGP43TF;
				ENABLE_PREVIEWS = YES;
				GENERATE_INFOPLIST_FILE = YES;
				INFOPLIST_FILE = "I-am-Rich-Info.plist";
				INFOPLIST_KEY_UIApplicationSceneManifest_Generation = YES;
				INFOPLIST_KEY_UIApplicationSupportsIndirectInputEvents = YES;
				INFOPLIST_KEY_UILaunchScreen_Generation = YES;
				INFOPLIST_KEY_UISupportedInterfaceOrientations_iPad = "UIInterfaceOrientationPortrait UIInterfaceOrientationPortraitUpsideDown UIInterfaceOrientationLandscapeLeft UIInterfaceOrientationLandscapeRight";
				INFOPLIST_KEY_UISupportedInterfaceOrientations_iPhone = "UIInterfaceOrientationPortrait UIInterfaceOrientationLandscapeLeft UIInterfaceOrientationLandscapeRight";
				LD_RUNPATH_SEARCH_PATHS = (
					"$(inherited)",
					"@executable_path/Frameworks",
				);
				MARKETING_VERSION = 1.0;
				PRODUCT_BUNDLE_IDENTIFIER = "kokikudo.practice.app.I-am-Rich";
				PRODUCT_NAME = "$(TARGET_NAME)";
				SWIFT_EMIT_LOC_STRINGS = YES;
				SWIFT_VERSION = 5.0;
				TARGETED_DEVICE_FAMILY = "1,2";
			};
			name = Release;
		};
		FD43CE1427A629F10070F0DE /* Debug */ = {
			isa = XCBuildConfiguration;
			buildSettings = {
				ALWAYS_EMBED_SWIFT_STANDARD_LIBRARIES = YES;
				BUNDLE_LOADER = "$(TEST_HOST)";
				CODE_SIGN_STYLE = Automatic;
				CURRENT_PROJECT_VERSION = 1;
				DEVELOPMENT_TEAM = S3ZNGP43TF;
				GENERATE_INFOPLIST_FILE = YES;
				IPHONEOS_DEPLOYMENT_TARGET = 15.0;
				LD_RUNPATH_SEARCH_PATHS = (
					"$(inherited)",
					"@executable_path/Frameworks",
					"@loader_path/Frameworks",
				);
				MARKETING_VERSION = 1.0;
				PRODUCT_BUNDLE_IDENTIFIER = "kokikudo.practice.app.I-am-RichTests";
				PRODUCT_NAME = "$(TARGET_NAME)";
				SWIFT_EMIT_LOC_STRINGS = NO;
				SWIFT_VERSION = 5.0;
				TARGETED_DEVICE_FAMILY = "1,2";
				TEST_HOST = "$(BUILT_PRODUCTS_DIR)/I am Rich.app/I am Rich";
			};
			name = Debug;
		};
		FD43CE1527A629F10070F0DE /* Release */ = {
			isa = XCBuildConfiguration;
			buildSettings = {
				ALWAYS_EMBED_SWIFT_STANDARD_LIBRARIES = YES;
				BUNDLE_LOADER = "$(TEST_HOST)";
				CODE_SIGN_STYLE = Automatic;
				CURRENT_PROJECT_VERSION = 1;
				DEVELOPMENT_TEAM = S3ZNGP43TF;
				GENERATE_INFOPLIST_FILE = YES;
				IPHONEOS_DEPLOYMENT_TARGET = 15.0;
				LD_RUNPATH_SEARCH_PATHS = (
					"$(inherited)",
					"@executable_path/Frameworks",
					"@loader_path/Frameworks",
				);
				MARKETING_VERSION = 1.0;
				PRODUCT_BUNDLE_IDENTIFIER = "kokikudo.practice.app.I-am-RichTests";
				PRODUCT_NAME = "$(TARGET_NAME)";
				SWIFT_EMIT_LOC_STRINGS = NO;
				SWIFT_VERSION = 5.0;
				TARGETED_DEVICE_FAMILY = "1,2";
				TEST_HOST = "$(BUILT_PRODUCTS_DIR)/I am Rich.app/I am Rich";
			};
			name = Release;
		};
		FD43CE1727A629F10070F0DE /* Debug */ = {
			isa = XCBuildConfiguration;
			buildSettings = {
				ALWAYS_EMBED_SWIFT_STANDARD_LIBRARIES = YES;
				CODE_SIGN_STYLE = Automatic;
				CURRENT_PROJECT_VERSION = 1;
				DEVELOPMENT_TEAM = S3ZNGP43TF;
				GENERATE_INFOPLIST_FILE = YES;
				LD_RUNPATH_SEARCH_PATHS = (
					"$(inherited)",
					"@executable_path/Frameworks",
					"@loader_path/Frameworks",
				);
				MARKETING_VERSION = 1.0;
				PRODUCT_BUNDLE_IDENTIFIER = "kokikudo.practice.app.I-am-RichUITests";
				PRODUCT_NAME = "$(TARGET_NAME)";
				SWIFT_EMIT_LOC_STRINGS = NO;
				SWIFT_VERSION = 5.0;
				TARGETED_DEVICE_FAMILY = "1,2";
				TEST_TARGET_NAME = "I am Rich";
			};
			name = Debug;
		};
		FD43CE1827A629F10070F0DE /* Release */ = {
			isa = XCBuildConfiguration;
			buildSettings = {
				ALWAYS_EMBED_SWIFT_STANDARD_LIBRARIES = YES;
				CODE_SIGN_STYLE = Automatic;
				CURRENT_PROJECT_VERSION = 1;
				DEVELOPMENT_TEAM = S3ZNGP43TF;
				GENERATE_INFOPLIST_FILE = YES;
				LD_RUNPATH_SEARCH_PATHS = (
					"$(inherited)",
					"@executable_path/Frameworks",
					"@loader_path/Frameworks",
				);
				MARKETING_VERSION = 1.0;
				PRODUCT_BUNDLE_IDENTIFIER = "kokikudo.practice.app.I-am-RichUITests";
				PRODUCT_NAME = "$(TARGET_NAME)";
				SWIFT_EMIT_LOC_STRINGS = NO;
				SWIFT_VERSION = 5.0;
				TARGETED_DEVICE_FAMILY = "1,2";
				TEST_TARGET_NAME = "I am Rich";
			};
			name = Release;
		};
/* End XCBuildConfiguration section */

/* Begin XCConfigurationList section */
		FD43CDE727A629ED0070F0DE /* Build configuration list for PBXProject "I am Rich" */ = {
			isa = XCConfigurationList;
			buildConfigurations = (
				FD43CE0E27A629F10070F0DE /* Debug */,
				FD43CE0F27A629F10070F0DE /* Release */,
			);
			defaultConfigurationIsVisible = 0;
			defaultConfigurationName = Release;
		};
		FD43CE1027A629F10070F0DE /* Build configuration list for PBXNativeTarget "I am Rich" */ = {
			isa = XCConfigurationList;
			buildConfigurations = (
				FD43CE1127A629F10070F0DE /* Debug */,
				FD43CE1227A629F10070F0DE /* Release */,
			);
			defaultConfigurationIsVisible = 0;
			defaultConfigurationName = Release;
		};
		FD43CE1327A629F10070F0DE /* Build configuration list for PBXNativeTarget "I am RichTests" */ = {
			isa = XCConfigurationList;
			buildConfigurations = (
				FD43CE1427A629F10070F0DE /* Debug */,
				FD43CE1527A629F10070F0DE /* Release */,
			);
			defaultConfigurationIsVisible = 0;
			defaultConfigurationName = Release;
		};
		FD43CE1627A629F10070F0DE /* Build configuration list for PBXNativeTarget "I am RichUITests" */ = {
			isa = XCConfigurationList;
			buildConfigurations = (
				FD43CE1727A629F10070F0DE /* Debug */,
				FD43CE1827A629F10070F0DE /* Release */,
			);
			defaultConfigurationIsVisible = 0;
			defaultConfigurationName = Release;
		};
/* End XCConfigurationList section */
	};
	rootObject = FD43CDE427A629ED0070F0DE /* Project object */;
}
